// !$*UTF8*$!
{
	archiveVersion = 1;
	classes = {
	};
	objectVersion = 56;
	objects = {

/* Begin PBXBuildFile section */
		1B37008AFB32183B2F2F574F /* MultiClipGenerationView.swift in Sources */ = {isa = PBXBuildFile; fileRef = BBA19D6ADB6E69CD02BF0D67 /* MultiClipGenerationView.swift */; };
		5AE3231A39C76372701313BB /* VoiceoverGenerationService.swift in Sources */ = {isa = PBXBuildFile; fileRef = BB8C3DDA9C41D713A328175F /* VoiceoverGenerationService.swift */; };
		94B809A40355668814DBE4F0 /* VideoStitchingService.swift in Sources */ = {isa = PBXBuildFile; fileRef = 17F1C29A646342F73AA8948E /* VideoStitchingService.swift */; };
		99943B4B90F399DCDF14B752 /* CloudKitStorageService.swift in Sources */ = {isa = PBXBuildFile; fileRef = F1C2D574F714010A73346265 /* CloudKitStorageService.swift */; };
		9B9311422EAAF20100A0660D /* LoadingView.swift in Sources */ = {isa = PBXBuildFile; fileRef = 9B93113F2EAAF20100A0660D /* LoadingView.swift */; };
		9B9311432EAAF20100A0660D /* ErrorView.swift in Sources */ = {isa = PBXBuildFile; fileRef = 9B93113E2EAAF20100A0660D /* ErrorView.swift */; };
		9B9311442EAAF20100A0660D /* TooltipView.swift in Sources */ = {isa = PBXBuildFile; fileRef = 9B9311402EAAF20100A0660D /* TooltipView.swift */; };
		9B93114D2EAAF26B00A0660D /* DemoContent.swift in Sources */ = {isa = PBXBuildFile; fileRef = 9B93114A2EAAF26B00A0660D /* DemoContent.swift */; };
		9B93114E2EAAF26B00A0660D /* OnboardingContent.swift in Sources */ = {isa = PBXBuildFile; fileRef = 9B93114B2EAAF26B00A0660D /* OnboardingContent.swift */; };
		9B9311512EAAF32000A0660D /* OnboardingView.swift in Sources */ = {isa = PBXBuildFile; fileRef = 9B93114F2EAAF32000A0660D /* OnboardingView.swift */; };
		9B9311542EAAF37900A0660D /* SettingsView.swift in Sources */ = {isa = PBXBuildFile; fileRef = 9B9311522EAAF37900A0660D /* SettingsView.swift */; };
		9B9311562EAAF3FA00A0660D /* StageHelpView.swift in Sources */ = {isa = PBXBuildFile; fileRef = 9B9311552EAAF3FA00A0660D /* StageHelpView.swift */; };
		9B9311582EAAF43700A0660D /* EnhancedStudioView.swift in Sources */ = {isa = PBXBuildFile; fileRef = 9B9311572EAAF43600A0660D /* EnhancedStudioView.swift */; };
		9B93115B2EAAF7C300A0660D /* PipelineServiceBridge.swift in Sources */ = {isa = PBXBuildFile; fileRef = 9B9311592EAAF7C300A0660D /* PipelineServiceBridge.swift */; };
		9B93115C2EAAF7C300A0660D /* PolloAIService.swift in Sources */ = {isa = PBXBuildFile; fileRef = 9B93115A2EAAF7C300A0660D /* PolloAIService.swift */; };
		9B9311602EAAF7ED00A0660D /* DeepSeekAIService.swift in Sources */ = {isa = PBXBuildFile; fileRef = 9B93115F2EAAF7ED00A0660D /* DeepSeekAIService.swift */; };
		9B9311622EAAF81300A0660D /* AIServiceFactory.swift in Sources */ = {isa = PBXBuildFile; fileRef = 9B9311612EAAF81300A0660D /* AIServiceFactory.swift */; };
		9B9311642EAB125A00A0660D /* ContinuityManager.swift in Sources */ = {isa = PBXBuildFile; fileRef = 9B9311632EAB125A00A0660D /* ContinuityManager.swift */; };
		9B9311662EAB158200A0660D /* CoreTypes.swift in Sources */ = {isa = PBXBuildFile; fileRef = 9B9311652EAB158200A0660D /* CoreTypes.swift */; };
		9B9311682EAB2AD200A0660D /* CreditsManager.swift in Sources */ = {isa = PBXBuildFile; fileRef = 9B9311672EAB2AD100A0660D /* CreditsManager.swift */; };
		9B93116A2EAB2AD400A0660D /* StoreKitManager.swift in Sources */ = {isa = PBXBuildFile; fileRef = 9B9311692EAB2AD300A0660D /* StoreKitManager.swift */; };
		9B93116A2EAB2B0100A0660D /* CreditsPurchaseView.swift in Sources */ = {isa = PBXBuildFile; fileRef = 9B9311692EAB2B0100A0660D /* CreditsPurchaseView.swift */; };
		A5D2C81BF065338A72401F17 /* MultiClipSegment.swift in Sources */ = {isa = PBXBuildFile; fileRef = 24440F5D4736E8CD989B8AD9 /* MultiClipSegment.swift */; };
		B01234561234567890123456 /* DirectorStudioApp.swift in Sources */ = {isa = PBXBuildFile; fileRef = B01234561234567890123455 /* DirectorStudioApp.swift */; };
		B01234571234567890123456 /* AppCoordinator.swift in Sources */ = {isa = PBXBuildFile; fileRef = B01234571234567890123455 /* AppCoordinator.swift */; };
		B01234581234567890123456 /* PromptView.swift in Sources */ = {isa = PBXBuildFile; fileRef = B01234581234567890123455 /* PromptView.swift */; };
		B01234591234567890123456 /* PromptViewModel.swift in Sources */ = {isa = PBXBuildFile; fileRef = B01234591234567890123455 /* PromptViewModel.swift */; };
		B01234601234567890123456 /* StudioView.swift in Sources */ = {isa = PBXBuildFile; fileRef = B01234601234567890123455 /* StudioView.swift */; };
		B01234611234567890123456 /* ClipCell.swift in Sources */ = {isa = PBXBuildFile; fileRef = B01234611234567890123455 /* ClipCell.swift */; };
		B01234621234567890123456 /* EditRoomView.swift in Sources */ = {isa = PBXBuildFile; fileRef = B01234621234567890123455 /* EditRoomView.swift */; };
		B01234631234567890123456 /* EditRoomViewModel.swift in Sources */ = {isa = PBXBuildFile; fileRef = B01234631234567890123455 /* EditRoomViewModel.swift */; };
		B01234641234567890123456 /* LibraryView.swift in Sources */ = {isa = PBXBuildFile; fileRef = B01234641234567890123455 /* LibraryView.swift */; };
		B01234651234567890123456 /* LibraryViewModel.swift in Sources */ = {isa = PBXBuildFile; fileRef = B01234651234567890123455 /* LibraryViewModel.swift */; };
		B01234671234567890123456 /* GeneratedClip.swift in Sources */ = {isa = PBXBuildFile; fileRef = B01234671234567890123455 /* GeneratedClip.swift */; };
		B01234681234567890123456 /* VoiceoverTrack.swift in Sources */ = {isa = PBXBuildFile; fileRef = B01234681234567890123455 /* VoiceoverTrack.swift */; };
		B01234691234567890123456 /* StorageLocation.swift in Sources */ = {isa = PBXBuildFile; fileRef = B01234691234567890123455 /* StorageLocation.swift */; };
		B01234701234567890123456 /* AuthService.swift in Sources */ = {isa = PBXBuildFile; fileRef = B01234701234567890123455 /* AuthService.swift */; };
		B01234711234567890123456 /* StorageService.swift in Sources */ = {isa = PBXBuildFile; fileRef = B01234711234567890123455 /* StorageService.swift */; };
		B01234731234567890123456 /* ExportService.swift in Sources */ = {isa = PBXBuildFile; fileRef = B01234731234567890123455 /* ExportService.swift */; };
		B01234751234567890123456 /* CrashReporter.swift in Sources */ = {isa = PBXBuildFile; fileRef = B01234751234567890123455 /* CrashReporter.swift */; };
		B01234761234567890123456 /* CloudKit.framework in Frameworks */ = {isa = PBXBuildFile; fileRef = B01234761234567890123455 /* CloudKit.framework */; };
		B01234771234567890123456 /* AVFoundation.framework in Frameworks */ = {isa = PBXBuildFile; fileRef = B01234771234567890123455 /* AVFoundation.framework */; };
		BA64330A01B603E504DF4A54 /* PipelineProtocols.swift in Sources */ = {isa = PBXBuildFile; fileRef = 2B00DF7B74AC9DF76123272F /* PipelineProtocols.swift */; };
		C0742592824C3D90BA02FF68 /* SegmentEditorView.swift in Sources */ = {isa = PBXBuildFile; fileRef = F22F549D05C3AF5BED311740 /* SegmentEditorView.swift */; };
		E99B6817F49BF961CB7554E2 /* ScriptSegment.swift in Sources */ = {isa = PBXBuildFile; fileRef = 3C78855E64295759EF50E6BD /* ScriptSegment.swift */; };
/* End PBXBuildFile section */

/* Begin PBXFileReference section */
		17F1C29A646342F73AA8948E /* VideoStitchingService.swift */ = {isa = PBXFileReference; includeInIndex = 1; lastKnownFileType = sourcecode.swift; path = DirectorStudio/Services/VideoStitchingService.swift; sourceTree = SOURCE_ROOT; };
		1C23FE820BF5944BA2F46C27 /* MultiClipGenerationView.swift */ = {isa = PBXFileReference; includeInIndex = 1; lastKnownFileType = sourcecode.swift; name = MultiClipGenerationView.swift; path = DirectorStudio/Features/Prompt/MultiClipGenerationView.swift; sourceTree = "<group>"; };
		24440F5D4736E8CD989B8AD9 /* MultiClipSegment.swift */ = {isa = PBXFileReference; includeInIndex = 1; lastKnownFileType = sourcecode.swift; path = MultiClipSegment.swift; sourceTree = "<group>"; };
		2B00DF7B74AC9DF76123272F /* PipelineProtocols.swift */ = {isa = PBXFileReference; includeInIndex = 1; lastKnownFileType = sourcecode.swift; path = DirectorStudio/Services/PipelineProtocols.swift; sourceTree = SOURCE_ROOT; };
		2D590354DE7376EBE99A42E5 /* MultiClipSegment.swift */ = {isa = PBXFileReference; includeInIndex = 1; lastKnownFileType = sourcecode.swift; name = MultiClipSegment.swift; path = MultiClipSegment.swift; sourceTree = "<group>"; };
		3C78855E64295759EF50E6BD /* ScriptSegment.swift */ = {isa = PBXFileReference; includeInIndex = 1; lastKnownFileType = sourcecode.swift; path = ScriptSegment.swift; sourceTree = "<group>"; };
		9B93113E2EAAF20100A0660D /* ErrorView.swift */ = {isa = PBXFileReference; lastKnownFileType = sourcecode.swift; path = ErrorView.swift; sourceTree = "<group>"; };
		9B93113F2EAAF20100A0660D /* LoadingView.swift */ = {isa = PBXFileReference; lastKnownFileType = sourcecode.swift; path = LoadingView.swift; sourceTree = "<group>"; };
		9B9311402EAAF20100A0660D /* TooltipView.swift */ = {isa = PBXFileReference; lastKnownFileType = sourcecode.swift; path = TooltipView.swift; sourceTree = "<group>"; };
		9B93114A2EAAF26B00A0660D /* DemoContent.swift */ = {isa = PBXFileReference; lastKnownFileType = sourcecode.swift; path = DemoContent.swift; sourceTree = "<group>"; };
		9B93114B2EAAF26B00A0660D /* OnboardingContent.swift */ = {isa = PBXFileReference; lastKnownFileType = sourcecode.swift; path = OnboardingContent.swift; sourceTree = "<group>"; };
		9B93114F2EAAF32000A0660D /* OnboardingView.swift */ = {isa = PBXFileReference; lastKnownFileType = sourcecode.swift; path = OnboardingView.swift; sourceTree = "<group>"; };
		9B9311522EAAF37900A0660D /* SettingsView.swift */ = {isa = PBXFileReference; lastKnownFileType = sourcecode.swift; path = SettingsView.swift; sourceTree = "<group>"; };
		9B9311552EAAF3FA00A0660D /* StageHelpView.swift */ = {isa = PBXFileReference; lastKnownFileType = sourcecode.swift; name = StageHelpView.swift; path = DirectorStudio/Features/Prompt/StageHelpView.swift; sourceTree = SOURCE_ROOT; };
		9B9311572EAAF43600A0660D /* EnhancedStudioView.swift */ = {isa = PBXFileReference; lastKnownFileType = sourcecode.swift; path = EnhancedStudioView.swift; sourceTree = "<group>"; };
		9B9311592EAAF7C300A0660D /* PipelineServiceBridge.swift */ = {isa = PBXFileReference; lastKnownFileType = sourcecode.swift; path = PipelineServiceBridge.swift; sourceTree = "<group>"; };
		9B93115A2EAAF7C300A0660D /* PolloAIService.swift */ = {isa = PBXFileReference; lastKnownFileType = sourcecode.swift; path = PolloAIService.swift; sourceTree = "<group>"; };
		9B93115F2EAAF7ED00A0660D /* DeepSeekAIService.swift */ = {isa = PBXFileReference; lastKnownFileType = sourcecode.swift; name = DeepSeekAIService.swift; path = DirectorStudio/Services/DeepSeekAIService.swift; sourceTree = SOURCE_ROOT; };
		9B9311612EAAF81300A0660D /* AIServiceFactory.swift */ = {isa = PBXFileReference; lastKnownFileType = sourcecode.swift; path = AIServiceFactory.swift; sourceTree = "<group>"; };
		9B9311632EAB125A00A0660D /* ContinuityManager.swift */ = {isa = PBXFileReference; lastKnownFileType = sourcecode.swift; path = ContinuityManager.swift; sourceTree = "<group>"; };
		9B9311652EAB158200A0660D /* CoreTypes.swift */ = {isa = PBXFileReference; lastKnownFileType = sourcecode.swift; path = CoreTypes/CoreTypes.swift; sourceTree = "<group>"; };
		9B9311672EAB2AD100A0660D /* CreditsManager.swift */ = {isa = PBXFileReference; lastKnownFileType = sourcecode.swift; path = CreditsManager.swift; sourceTree = "<group>"; };
		9B9311692EAB2AD300A0660D /* StoreKitManager.swift */ = {isa = PBXFileReference; lastKnownFileType = sourcecode.swift; path = StoreKitManager.swift; sourceTree = "<group>"; };
		9B9311692EAB2B0100A0660D /* CreditsPurchaseView.swift */ = {isa = PBXFileReference; lastKnownFileType = sourcecode.swift; path = CreditsPurchaseView.swift; sourceTree = "<group>"; };
		A204ED438AC60C92B418AEE5 /* SegmentEditorView.swift */ = {isa = PBXFileReference; includeInIndex = 1; lastKnownFileType = sourcecode.swift; name = SegmentEditorView.swift; path = DirectorStudio/Features/Prompt/SegmentEditorView.swift; sourceTree = "<group>"; };
		B01234501234567890123456 /* DirectorStudio.app */ = {isa = PBXFileReference; explicitFileType = wrapper.application; includeInIndex = 0; path = DirectorStudio.app; sourceTree = BUILT_PRODUCTS_DIR; };
		B01234561234567890123455 /* DirectorStudioApp.swift */ = {isa = PBXFileReference; lastKnownFileType = sourcecode.swift; path = DirectorStudioApp.swift; sourceTree = "<group>"; };
		B01234571234567890123455 /* AppCoordinator.swift */ = {isa = PBXFileReference; lastKnownFileType = sourcecode.swift; path = AppCoordinator.swift; sourceTree = "<group>"; };
		B01234581234567890123455 /* PromptView.swift */ = {isa = PBXFileReference; lastKnownFileType = sourcecode.swift; path = PromptView.swift; sourceTree = "<group>"; };
		B01234591234567890123455 /* PromptViewModel.swift */ = {isa = PBXFileReference; lastKnownFileType = sourcecode.swift; path = PromptViewModel.swift; sourceTree = "<group>"; };
		B01234601234567890123455 /* StudioView.swift */ = {isa = PBXFileReference; lastKnownFileType = sourcecode.swift; path = StudioView.swift; sourceTree = "<group>"; };
		B01234611234567890123455 /* ClipCell.swift */ = {isa = PBXFileReference; lastKnownFileType = sourcecode.swift; path = ClipCell.swift; sourceTree = "<group>"; };
		B01234621234567890123455 /* EditRoomView.swift */ = {isa = PBXFileReference; lastKnownFileType = sourcecode.swift; path = EditRoomView.swift; sourceTree = "<group>"; };
		B01234631234567890123455 /* EditRoomViewModel.swift */ = {isa = PBXFileReference; lastKnownFileType = sourcecode.swift; path = EditRoomViewModel.swift; sourceTree = "<group>"; };
		B01234641234567890123455 /* LibraryView.swift */ = {isa = PBXFileReference; lastKnownFileType = sourcecode.swift; path = LibraryView.swift; sourceTree = "<group>"; };
		B01234651234567890123455 /* LibraryViewModel.swift */ = {isa = PBXFileReference; lastKnownFileType = sourcecode.swift; path = LibraryViewModel.swift; sourceTree = "<group>"; };
		B01234671234567890123455 /* GeneratedClip.swift */ = {isa = PBXFileReference; lastKnownFileType = sourcecode.swift; path = GeneratedClip.swift; sourceTree = "<group>"; };
		B01234681234567890123455 /* VoiceoverTrack.swift */ = {isa = PBXFileReference; lastKnownFileType = sourcecode.swift; path = VoiceoverTrack.swift; sourceTree = "<group>"; };
		B01234691234567890123455 /* StorageLocation.swift */ = {isa = PBXFileReference; lastKnownFileType = sourcecode.swift; path = StorageLocation.swift; sourceTree = "<group>"; };
		B01234701234567890123455 /* AuthService.swift */ = {isa = PBXFileReference; lastKnownFileType = sourcecode.swift; path = AuthService.swift; sourceTree = "<group>"; };
		B01234711234567890123455 /* StorageService.swift */ = {isa = PBXFileReference; lastKnownFileType = sourcecode.swift; path = StorageService.swift; sourceTree = "<group>"; };
		B01234731234567890123455 /* ExportService.swift */ = {isa = PBXFileReference; lastKnownFileType = sourcecode.swift; path = ExportService.swift; sourceTree = "<group>"; };
		B01234751234567890123455 /* CrashReporter.swift */ = {isa = PBXFileReference; lastKnownFileType = sourcecode.swift; path = CrashReporter.swift; sourceTree = "<group>"; };
		B01234761234567890123455 /* CloudKit.framework */ = {isa = PBXFileReference; lastKnownFileType = wrapper.framework; name = CloudKit.framework; path = System/Library/Frameworks/CloudKit.framework; sourceTree = SDKROOT; };
		B01234771234567890123455 /* AVFoundation.framework */ = {isa = PBXFileReference; lastKnownFileType = wrapper.framework; name = AVFoundation.framework; path = System/Library/Frameworks/AVFoundation.framework; sourceTree = SDKROOT; };
		B01234781234567890123455 /* Info.plist */ = {isa = PBXFileReference; lastKnownFileType = text.plist.xml; path = Info.plist; sourceTree = "<group>"; };
		B01234791234567890123455 /* DirectorStudio.entitlements */ = {isa = PBXFileReference; lastKnownFileType = text.plist.entitlements; path = DirectorStudio.entitlements; sourceTree = "<group>"; };
		BB8C3DDA9C41D713A328175F /* VoiceoverGenerationService.swift */ = {isa = PBXFileReference; includeInIndex = 1; lastKnownFileType = sourcecode.swift; path = DirectorStudio/Services/VoiceoverGenerationService.swift; sourceTree = SOURCE_ROOT; };
		BBA19D6ADB6E69CD02BF0D67 /* MultiClipGenerationView.swift */ = {isa = PBXFileReference; includeInIndex = 1; lastKnownFileType = sourcecode.swift; path = MultiClipGenerationView.swift; sourceTree = "<group>"; };
		F1C2D574F714010A73346265 /* CloudKitStorageService.swift */ = {isa = PBXFileReference; includeInIndex = 1; lastKnownFileType = sourcecode.swift; path = DirectorStudio/Services/CloudKitStorageService.swift; sourceTree = SOURCE_ROOT; };
		F22F549D05C3AF5BED311740 /* SegmentEditorView.swift */ = {isa = PBXFileReference; includeInIndex = 1; lastKnownFileType = sourcecode.swift; path = SegmentEditorView.swift; sourceTree = "<group>"; };
/* End PBXFileReference section */

/* Begin PBXFrameworksBuildPhase section */
		B01234521234567890123456 /* Frameworks */ = {
			isa = PBXFrameworksBuildPhase;
			buildActionMask = 2147483647;
			files = (
				B01234761234567890123456 /* CloudKit.framework in Frameworks */,
				B01234771234567890123456 /* AVFoundation.framework in Frameworks */,
			);
			runOnlyForDeploymentPostprocessing = 0;
		};
/* End PBXFrameworksBuildPhase section */

/* Begin PBXGroup section */
		9B9311412EAAF20100A0660D /* Components */ = {
			isa = PBXGroup;
			children = (
				9B93113E2EAAF20100A0660D /* ErrorView.swift */,
				9B93113F2EAAF20100A0660D /* LoadingView.swift */,
				9B9311402EAAF20100A0660D /* TooltipView.swift */,
			);
			name = Components;
			path = DirectorStudio/Components;
			sourceTree = "<group>";
		};
		9B93114C2EAAF26B00A0660D /* Resources */ = {
			isa = PBXGroup;
			children = (
				9B93114A2EAAF26B00A0660D /* DemoContent.swift */,
				9B93114B2EAAF26B00A0660D /* OnboardingContent.swift */,
			);
			name = Resources;
			path = DirectorStudio/Resources;
			sourceTree = "<group>";
		};
		9B9311502EAAF32000A0660D /* Onboarding */ = {
			isa = PBXGroup;
			children = (
				9B93114F2EAAF32000A0660D /* OnboardingView.swift */,
			);
			path = Onboarding;
			sourceTree = "<group>";
		};
		9B9311532EAAF37900A0660D /* Settings */ = {
			isa = PBXGroup;
			children = (
				9B9311692EAB2B0100A0660D /* CreditsPurchaseView.swift */,
				9B9311522EAAF37900A0660D /* SettingsView.swift */,
			);
			path = Settings;
			sourceTree = "<group>";
		};
		B01234401234567890123456 = {
			isa = PBXGroup;
			children = (
				B01234791234567890123455 /* DirectorStudio.entitlements */,
				B01234551234567890123456 /* DirectorStudio */,
				B01234511234567890123456 /* Products */,
				B01234801234567890123456 /* Frameworks */,
				9B9311412EAAF20100A0660D /* Components */,
				9B93114C2EAAF26B00A0660D /* Resources */,
			);
			sourceTree = "<group>";
		};
		B01234511234567890123456 /* Products */ = {
			isa = PBXGroup;
			children = (
				B01234501234567890123456 /* DirectorStudio.app */,
			);
			name = Products;
			sourceTree = "<group>";
		};
		B01234551234567890123456 /* DirectorStudio */ = {
			isa = PBXGroup;
			children = (
				9B9311652EAB158200A0660D /* CoreTypes.swift */,
				B01234781234567890123455 /* Info.plist */,
				B01234851234567890123456 /* App */,
				B01234861234567890123456 /* Features */,
				B01234871234567890123456 /* Models */,
				B01234881234567890123456 /* Services */,
				B01234891234567890123456 /* Utils */,
			);
			path = DirectorStudio;
			sourceTree = "<group>";
		};
		B01234801234567890123456 /* Frameworks */ = {
			isa = PBXGroup;
			children = (
				B01234761234567890123455 /* CloudKit.framework */,
				B01234771234567890123455 /* AVFoundation.framework */,
			);
			name = Frameworks;
			sourceTree = "<group>";
		};
		B01234851234567890123456 /* App */ = {
			isa = PBXGroup;
			children = (
				B01234561234567890123455 /* DirectorStudioApp.swift */,
				B01234571234567890123455 /* AppCoordinator.swift */,
			);
			path = App;
			sourceTree = "<group>";
		};
		B01234861234567890123456 /* Features */ = {
			isa = PBXGroup;
			children = (
				B01234901234567890123456 /* Prompt */,
				B01234911234567890123456 /* Studio */,
				B01234921234567890123456 /* EditRoom */,
				B01234931234567890123456 /* Library */,
				9B9311502EAAF32000A0660D /* Onboarding */,
				9B9311532EAAF37900A0660D /* Settings */,
			);
			path = Features;
			sourceTree = "<group>";
		};
		B01234871234567890123456 /* Models */ = {
			isa = PBXGroup;
			children = (
				B01234671234567890123455 /* GeneratedClip.swift */,
				B01234681234567890123455 /* VoiceoverTrack.swift */,
				B01234691234567890123455 /* StorageLocation.swift */,
				2D590354DE7376EBE99A42E5 /* MultiClipSegment.swift */,
				3C78855E64295759EF50E6BD /* ScriptSegment.swift */,
				24440F5D4736E8CD989B8AD9 /* MultiClipSegment.swift */,
			);
			path = Models;
			sourceTree = "<group>";
		};
		B01234881234567890123456 /* Services */ = {
			isa = PBXGroup;
			children = (
				9B9311672EAB2AD100A0660D /* CreditsManager.swift */,
				9B9311692EAB2AD300A0660D /* StoreKitManager.swift */,
				9B9311632EAB125A00A0660D /* ContinuityManager.swift */,
				B01234701234567890123455 /* AuthService.swift */,
				B01234711234567890123455 /* StorageService.swift */,
				B01234731234567890123455 /* ExportService.swift */,
				9B9311592EAAF7C300A0660D /* PipelineServiceBridge.swift */,
				9B93115A2EAAF7C300A0660D /* PolloAIService.swift */,
				9B93115F2EAAF7ED00A0660D /* DeepSeekAIService.swift */,
				9B9311612EAAF81300A0660D /* AIServiceFactory.swift */,
				2B00DF7B74AC9DF76123272F /* PipelineProtocols.swift */,
				17F1C29A646342F73AA8948E /* VideoStitchingService.swift */,
				BB8C3DDA9C41D713A328175F /* VoiceoverGenerationService.swift */,
				F1C2D574F714010A73346265 /* CloudKitStorageService.swift */,
			);
			path = Services;
			sourceTree = "<group>";
		};
		B01234891234567890123456 /* Utils */ = {
			isa = PBXGroup;
			children = (
				B01234751234567890123455 /* CrashReporter.swift */,
			);
			path = Utils;
			sourceTree = "<group>";
		};
		B01234901234567890123456 /* Prompt */ = {
			isa = PBXGroup;
			children = (
				B01234581234567890123455 /* PromptView.swift */,
				B01234591234567890123455 /* PromptViewModel.swift */,
				A204ED438AC60C92B418AEE5 /* SegmentEditorView.swift */,
				1C23FE820BF5944BA2F46C27 /* MultiClipGenerationView.swift */,
				F22F549D05C3AF5BED311740 /* SegmentEditorView.swift */,
				BBA19D6ADB6E69CD02BF0D67 /* MultiClipGenerationView.swift */,
			);
			path = Prompt;
			sourceTree = "<group>";
		};
		B01234911234567890123456 /* Studio */ = {
			isa = PBXGroup;
			children = (
				B01234601234567890123455 /* StudioView.swift */,
				B01234611234567890123455 /* ClipCell.swift */,
				9B9311552EAAF3FA00A0660D /* StageHelpView.swift */,
				9B9311572EAAF43600A0660D /* EnhancedStudioView.swift */,
			);
			path = Studio;
			sourceTree = "<group>";
		};
		B01234921234567890123456 /* EditRoom */ = {
			isa = PBXGroup;
			children = (
				B01234621234567890123455 /* EditRoomView.swift */,
				B01234631234567890123455 /* EditRoomViewModel.swift */,
			);
			path = EditRoom;
			sourceTree = "<group>";
		};
		B01234931234567890123456 /* Library */ = {
			isa = PBXGroup;
			children = (
				B01234641234567890123455 /* LibraryView.swift */,
				B01234651234567890123455 /* LibraryViewModel.swift */,
			);
			path = Library;
			sourceTree = "<group>";
		};
/* End PBXGroup section */

/* Begin PBXNativeTarget section */
		B01234531234567890123456 /* DirectorStudio */ = {
			isa = PBXNativeTarget;
			buildConfigurationList = B01234541234567890123456 /* Build configuration list for PBXNativeTarget "DirectorStudio" */;
			buildPhases = (
				B01234521234567890123456 /* Frameworks */,
				B01234941234567890123456 /* Sources */,
				B01234951234567890123456 /* Resources */,
			);
			buildRules = (
			);
			dependencies = (
			);
			name = DirectorStudio;
			productName = DirectorStudio;
			productReference = B01234501234567890123456 /* DirectorStudio.app */;
			productType = "com.apple.product-type.application";
		};
/* End PBXNativeTarget section */

/* Begin PBXProject section */
		B01234411234567890123456 /* Project object */ = {
			isa = PBXProject;
			attributes = {
				BuildIndependentTargetsInParallel = 1;
				LastSwiftUpdateCheck = 1500;
				LastUpgradeCheck = 2600;
				TargetAttributes = {
					B01234531234567890123456 = {
						CreatedOnToolsVersion = 15.0;
					};
				};
			};
			buildConfigurationList = B01234441234567890123456 /* Build configuration list for PBXProject "DirectorStudio" */;
			compatibilityVersion = "Xcode 14.0";
			developmentRegion = en;
			hasScannedForEncodings = 0;
			knownRegions = (
				en,
				Base,
			);
			mainGroup = B01234401234567890123456;
			productRefGroup = B01234511234567890123456 /* Products */;
			projectDirPath = "";
			projectRoot = "";
			targets = (
				B01234531234567890123456 /* DirectorStudio */,
			);
		};
/* End PBXProject section */

/* Begin PBXResourcesBuildPhase section */
		B01234951234567890123456 /* Resources */ = {
			isa = PBXResourcesBuildPhase;
			buildActionMask = 2147483647;
			files = (
			);
			runOnlyForDeploymentPostprocessing = 0;
		};
/* End PBXResourcesBuildPhase section */

/* Begin PBXSourcesBuildPhase section */
		B01234941234567890123456 /* Sources */ = {
			isa = PBXSourcesBuildPhase;
			buildActionMask = 2147483647;
			files = (
				B01234561234567890123456 /* DirectorStudioApp.swift in Sources */,
				B01234571234567890123456 /* AppCoordinator.swift in Sources */,
				9B9311582EAAF43700A0660D /* EnhancedStudioView.swift in Sources */,
				9B9311642EAB125A00A0660D /* ContinuityManager.swift in Sources */,
				9B93116A2EAB2B0100A0660D /* CreditsPurchaseView.swift in Sources */,
				B01234581234567890123456 /* PromptView.swift in Sources */,
				B01234591234567890123456 /* PromptViewModel.swift in Sources */,
				9B93114D2EAAF26B00A0660D /* DemoContent.swift in Sources */,
				9B9311682EAB2AD200A0660D /* CreditsManager.swift in Sources */,
				9B93116A2EAB2AD400A0660D /* StoreKitManager.swift in Sources */,
				9B93114E2EAAF26B00A0660D /* OnboardingContent.swift in Sources */,
				9B9311422EAAF20100A0660D /* LoadingView.swift in Sources */,
				9B9311432EAAF20100A0660D /* ErrorView.swift in Sources */,
				9B93115B2EAAF7C300A0660D /* PipelineServiceBridge.swift in Sources */,
				9B9311622EAAF81300A0660D /* AIServiceFactory.swift in Sources */,
				9B93115C2EAAF7C300A0660D /* PolloAIService.swift in Sources */,
				9B9311442EAAF20100A0660D /* TooltipView.swift in Sources */,
				B01234601234567890123456 /* StudioView.swift in Sources */,
				B01234611234567890123456 /* ClipCell.swift in Sources */,
				9B9311512EAAF32000A0660D /* OnboardingView.swift in Sources */,
				B01234621234567890123456 /* EditRoomView.swift in Sources */,
				B01234631234567890123456 /* EditRoomViewModel.swift in Sources */,
				9B9311562EAAF3FA00A0660D /* StageHelpView.swift in Sources */,
				B01234641234567890123456 /* LibraryView.swift in Sources */,
				9B9311602EAAF7ED00A0660D /* DeepSeekAIService.swift in Sources */,
				B01234651234567890123456 /* LibraryViewModel.swift in Sources */,
				B01234671234567890123456 /* GeneratedClip.swift in Sources */,
				B01234681234567890123456 /* VoiceoverTrack.swift in Sources */,
				9B9311662EAB158200A0660D /* CoreTypes.swift in Sources */,
				B01234691234567890123456 /* StorageLocation.swift in Sources */,
				B01234701234567890123456 /* AuthService.swift in Sources */,
				9B9311542EAAF37900A0660D /* SettingsView.swift in Sources */,
				B01234711234567890123456 /* StorageService.swift in Sources */,
				B01234731234567890123456 /* ExportService.swift in Sources */,
				B01234751234567890123456 /* CrashReporter.swift in Sources */,
				BA64330A01B603E504DF4A54 /* PipelineProtocols.swift in Sources */,
				94B809A40355668814DBE4F0 /* VideoStitchingService.swift in Sources */,
				5AE3231A39C76372701313BB /* VoiceoverGenerationService.swift in Sources */,
				99943B4B90F399DCDF14B752 /* CloudKitStorageService.swift in Sources */,
				E99B6817F49BF961CB7554E2 /* ScriptSegment.swift in Sources */,
				C0742592824C3D90BA02FF68 /* SegmentEditorView.swift in Sources */,
				1B37008AFB32183B2F2F574F /* MultiClipGenerationView.swift in Sources */,
				A5D2C81BF065338A72401F17 /* MultiClipSegment.swift in Sources */,
			);
			runOnlyForDeploymentPostprocessing = 0;
		};
/* End PBXSourcesBuildPhase section */

/* Begin XCBuildConfiguration section */
		B01234961234567890123456 /* Debug */ = {
			isa = XCBuildConfiguration;
			buildSettings = {
				ALWAYS_SEARCH_USER_PATHS = NO;
				ASSETCATALOG_COMPILER_GENERATE_SWIFT_ASSET_SYMBOL_EXTENSIONS = YES;
				CLANG_ANALYZER_NONNULL = YES;
				CLANG_ANALYZER_NUMBER_OBJECT_CONVERSION = YES_AGGRESSIVE;
				CLANG_CXX_LANGUAGE_STANDARD = "gnu++20";
				CLANG_ENABLE_MODULES = YES;
				CLANG_ENABLE_OBJC_ARC = YES;
				CLANG_ENABLE_OBJC_WEAK = YES;
				CLANG_WARN_BLOCK_CAPTURE_AUTORELEASING = YES;
				CLANG_WARN_BOOL_CONVERSION = YES;
				CLANG_WARN_COMMA = YES;
				CLANG_WARN_CONSTANT_CONVERSION = YES;
				CLANG_WARN_DEPRECATED_OBJC_IMPLEMENTATIONS = YES;
				CLANG_WARN_DIRECT_OBJC_ISA_USAGE = YES_ERROR;
				CLANG_WARN_DOCUMENTATION_COMMENTS = YES;
				CLANG_WARN_EMPTY_BODY = YES;
				CLANG_WARN_ENUM_CONVERSION = YES;
				CLANG_WARN_INFINITE_RECURSION = YES;
				CLANG_WARN_INT_CONVERSION = YES;
				CLANG_WARN_NON_LITERAL_NULL_CONVERSION = YES;
				CLANG_WARN_OBJC_IMPLICIT_RETAIN_SELF = YES;
				CLANG_WARN_OBJC_LITERAL_CONVERSION = YES;
				CLANG_WARN_OBJC_ROOT_CLASS = YES_ERROR;
				CLANG_WARN_QUOTED_INCLUDE_IN_FRAMEWORK_HEADER = YES;
				CLANG_WARN_RANGE_LOOP_ANALYSIS = YES;
				CLANG_WARN_STRICT_PROTOTYPES = YES;
				CLANG_WARN_SUSPICIOUS_MOVE = YES;
				CLANG_WARN_UNGUARDED_AVAILABILITY = YES_AGGRESSIVE;
				CLANG_WARN_UNREACHABLE_CODE = YES;
				CLANG_WARN__DUPLICATE_METHOD_MATCH = YES;
				COPY_PHASE_STRIP = NO;
				DEBUG_INFORMATION_FORMAT = dwarf;
				ENABLE_STRICT_OBJC_MSGSEND = YES;
				ENABLE_TESTABILITY = YES;
				ENABLE_USER_SCRIPT_SANDBOXING = YES;
				GCC_C_LANGUAGE_STANDARD = gnu17;
				GCC_DYNAMIC_NO_PIC = NO;
				GCC_NO_COMMON_BLOCKS = YES;
				GCC_OPTIMIZATION_LEVEL = 0;
				GCC_PREPROCESSOR_DEFINITIONS = (
					"DEBUG=1",
					"$(inherited)",
				);
				GCC_WARN_64_TO_32_BIT_CONVERSION = YES;
				GCC_WARN_ABOUT_RETURN_TYPE = YES_ERROR;
				GCC_WARN_UNDECLARED_SELECTOR = YES;
				GCC_WARN_UNINITIALIZED_AUTOS = YES_AGGRESSIVE;
				GCC_WARN_UNUSED_FUNCTION = YES;
				GCC_WARN_UNUSED_VARIABLE = YES;
				IPHONEOS_DEPLOYMENT_TARGET = 17.0;
				MACOSX_DEPLOYMENT_TARGET = 14.0;
				MTL_ENABLE_DEBUG_INFO = INCLUDE_SOURCE;
				MTL_FAST_MATH = YES;
				ONLY_ACTIVE_ARCH = YES;
				SDKROOT = iphoneos;
				STRING_CATALOG_GENERATE_SYMBOLS = YES;
				SWIFT_ACTIVE_COMPILATION_CONDITIONS = "DEBUG $(inherited)";
				SWIFT_OPTIMIZATION_LEVEL = "-Onone";
			};
			name = Debug;
		};
		B01234971234567890123456 /* Release */ = {
			isa = XCBuildConfiguration;
			buildSettings = {
				ALWAYS_SEARCH_USER_PATHS = NO;
				ASSETCATALOG_COMPILER_GENERATE_SWIFT_ASSET_SYMBOL_EXTENSIONS = YES;
				CLANG_ANALYZER_NONNULL = YES;
				CLANG_ANALYZER_NUMBER_OBJECT_CONVERSION = YES_AGGRESSIVE;
				CLANG_CXX_LANGUAGE_STANDARD = "gnu++20";
				CLANG_ENABLE_MODULES = YES;
				CLANG_ENABLE_OBJC_ARC = YES;
				CLANG_ENABLE_OBJC_WEAK = YES;
				CLANG_WARN_BLOCK_CAPTURE_AUTORELEASING = YES;
				CLANG_WARN_BOOL_CONVERSION = YES;
				CLANG_WARN_COMMA = YES;
				CLANG_WARN_CONSTANT_CONVERSION = YES;
				CLANG_WARN_DEPRECATED_OBJC_IMPLEMENTATIONS = YES;
				CLANG_WARN_DIRECT_OBJC_ISA_USAGE = YES_ERROR;
				CLANG_WARN_DOCUMENTATION_COMMENTS = YES;
				CLANG_WARN_EMPTY_BODY = YES;
				CLANG_WARN_ENUM_CONVERSION = YES;
				CLANG_WARN_INFINITE_RECURSION = YES;
				CLANG_WARN_INT_CONVERSION = YES;
				CLANG_WARN_NON_LITERAL_NULL_CONVERSION = YES;
				CLANG_WARN_OBJC_IMPLICIT_RETAIN_SELF = YES;
				CLANG_WARN_OBJC_LITERAL_CONVERSION = YES;
				CLANG_WARN_OBJC_ROOT_CLASS = YES_ERROR;
				CLANG_WARN_QUOTED_INCLUDE_IN_FRAMEWORK_HEADER = YES;
				CLANG_WARN_RANGE_LOOP_ANALYSIS = YES;
				CLANG_WARN_STRICT_PROTOTYPES = YES;
				CLANG_WARN_SUSPICIOUS_MOVE = YES;
				CLANG_WARN_UNGUARDED_AVAILABILITY = YES_AGGRESSIVE;
				CLANG_WARN_UNREACHABLE_CODE = YES;
				CLANG_WARN__DUPLICATE_METHOD_MATCH = YES;
				COPY_PHASE_STRIP = NO;
				DEBUG_INFORMATION_FORMAT = "dwarf-with-dsym";
				ENABLE_NS_ASSERTIONS = NO;
				ENABLE_STRICT_OBJC_MSGSEND = YES;
				ENABLE_USER_SCRIPT_SANDBOXING = YES;
				GCC_C_LANGUAGE_STANDARD = gnu17;
				GCC_NO_COMMON_BLOCKS = YES;
				GCC_WARN_64_TO_32_BIT_CONVERSION = YES;
				GCC_WARN_ABOUT_RETURN_TYPE = YES_ERROR;
				GCC_WARN_UNDECLARED_SELECTOR = YES;
				GCC_WARN_UNINITIALIZED_AUTOS = YES_AGGRESSIVE;
				GCC_WARN_UNUSED_FUNCTION = YES;
				GCC_WARN_UNUSED_VARIABLE = YES;
				IPHONEOS_DEPLOYMENT_TARGET = 17.0;
				MACOSX_DEPLOYMENT_TARGET = 14.0;
				MTL_ENABLE_DEBUG_INFO = NO;
				MTL_FAST_MATH = YES;
				SDKROOT = iphoneos;
				STRING_CATALOG_GENERATE_SYMBOLS = YES;
				SWIFT_COMPILATION_MODE = wholemodule;
				VALIDATE_PRODUCT = YES;
			};
			name = Release;
		};
		B01234981234567890123456 /* Debug */ = {
			isa = XCBuildConfiguration;
			buildSettings = {
				ASSETCATALOG_COMPILER_APPICON_NAME = AppIcon;
				ASSETCATALOG_COMPILER_GLOBAL_ACCENT_COLOR_NAME = AccentColor;
				CODE_SIGN_ENTITLEMENTS = DirectorStudio.entitlements;
				CODE_SIGN_STYLE = Automatic;
				CURRENT_PROJECT_VERSION = 1;
				DEVELOPMENT_TEAM = "";
				ENABLE_APP_SANDBOX = YES;
				ENABLE_OUTGOING_NETWORK_CONNECTIONS = YES;
				ENABLE_PREVIEWS = YES;
				ENABLE_USER_SELECTED_FILES = readwrite;
				GENERATE_INFOPLIST_FILE = YES;
				INFOPLIST_FILE = DirectorStudio/Info.plist;
				INFOPLIST_KEY_UIApplicationSceneManifest_Generation = YES;
				INFOPLIST_KEY_UIApplicationSupportsIndirectInputEvents = YES;
				INFOPLIST_KEY_UILaunchScreen_Generation = YES;
				INFOPLIST_KEY_UISupportedInterfaceOrientations = "UIInterfaceOrientationPortrait UIInterfaceOrientationLandscapeLeft UIInterfaceOrientationLandscapeRight";
				INFOPLIST_KEY_UISupportedInterfaceOrientations_iPad = "UIInterfaceOrientationPortrait UIInterfaceOrientationPortraitUpsideDown UIInterfaceOrientationLandscapeLeft UIInterfaceOrientationLandscapeRight";
				INFOPLIST_KEY_UISupportedInterfaceOrientations_iPhone = "UIInterfaceOrientationPortrait UIInterfaceOrientationLandscapeLeft UIInterfaceOrientationLandscapeRight";
				IPHONEOS_DEPLOYMENT_TARGET = 17.0;
				LD_RUNPATH_SEARCH_PATHS = (
					"$(inherited)",
					"@executable_path/Frameworks",
				);
				MARKETING_VERSION = 1.0.0;
				PRODUCT_BUNDLE_IDENTIFIER = com.directorstudio.app;
				PRODUCT_NAME = DirectorStudio;
				SUPPORTS_MACCATALYST = YES;
				SUPPORTS_MAC_DESIGNED_FOR_IPHONE_IPAD = NO;
				SWIFT_EMIT_LOC_STRINGS = YES;
				SWIFT_VERSION = 5.0;
				TARGETED_DEVICE_FAMILY = "1,2,6";
			};
			name = Debug;
		};
		B01234991234567890123456 /* Release */ = {
			isa = XCBuildConfiguration;
			buildSettings = {
				ASSETCATALOG_COMPILER_APPICON_NAME = AppIcon;
				ASSETCATALOG_COMPILER_GLOBAL_ACCENT_COLOR_NAME = AccentColor;
				CODE_SIGN_ENTITLEMENTS = DirectorStudio.entitlements;
				CODE_SIGN_STYLE = Automatic;
				CURRENT_PROJECT_VERSION = 1;
				DEVELOPMENT_TEAM = "";
				ENABLE_APP_SANDBOX = YES;
				ENABLE_OUTGOING_NETWORK_CONNECTIONS = YES;
				ENABLE_PREVIEWS = YES;
				ENABLE_USER_SELECTED_FILES = readwrite;
				GENERATE_INFOPLIST_FILE = YES;
				INFOPLIST_FILE = DirectorStudio/Info.plist;
				INFOPLIST_KEY_UIApplicationSceneManifest_Generation = YES;
				INFOPLIST_KEY_UIApplicationSupportsIndirectInputEvents = YES;
				INFOPLIST_KEY_UILaunchScreen_Generation = YES;
				INFOPLIST_KEY_UISupportedInterfaceOrientations = "UIInterfaceOrientationPortrait UIInterfaceOrientationLandscapeLeft UIInterfaceOrientationLandscapeRight";
				INFOPLIST_KEY_UISupportedInterfaceOrientations_iPad = "UIInterfaceOrientationPortrait UIInterfaceOrientationPortraitUpsideDown UIInterfaceOrientationLandscapeLeft UIInterfaceOrientationLandscapeRight";
				INFOPLIST_KEY_UISupportedInterfaceOrientations_iPhone = "UIInterfaceOrientationPortrait UIInterfaceOrientationLandscapeLeft UIInterfaceOrientationLandscapeRight";
				IPHONEOS_DEPLOYMENT_TARGET = 17.0;
				LD_RUNPATH_SEARCH_PATHS = (
					"$(inherited)",
					"@executable_path/Frameworks",
				);
				MARKETING_VERSION = 1.0.0;
				PRODUCT_BUNDLE_IDENTIFIER = com.directorstudio.app;
				PRODUCT_NAME = DirectorStudio;
				SUPPORTS_MACCATALYST = YES;
				SUPPORTS_MAC_DESIGNED_FOR_IPHONE_IPAD = NO;
				SWIFT_EMIT_LOC_STRINGS = YES;
				SWIFT_VERSION = 5.0;
				TARGETED_DEVICE_FAMILY = "1,2,6";
			};
			name = Release;
		};
/* End XCBuildConfiguration section */

/* Begin XCConfigurationList section */
		B01234441234567890123456 /* Build configuration list for PBXProject "DirectorStudio" */ = {
			isa = XCConfigurationList;
			buildConfigurations = (
				B01234961234567890123456 /* Debug */,
				B01234971234567890123456 /* Release */,
			);
			defaultConfigurationIsVisible = 0;
			defaultConfigurationName = Release;
		};
		B01234541234567890123456 /* Build configuration list for PBXNativeTarget "DirectorStudio" */ = {
			isa = XCConfigurationList;
			buildConfigurations = (
				B01234981234567890123456 /* Debug */,
				B01234991234567890123456 /* Release */,
			);
			defaultConfigurationIsVisible = 0;
			defaultConfigurationName = Release;
		};
/* End XCConfigurationList section */
	};
	rootObject = B01234411234567890123456 /* Project object */;
}
